{
  "name": "ohif-metadata",
  "version": "1.0.0",
  "lockfileVersion": 1,
  "requires": true,
  "dependencies": {
    "@babel/runtime-corejs3": {
      "version": "7.24.4",
      "resolved": "https://registry.npmjs.org/@babel/runtime-corejs3/-/runtime-corejs3-7.24.4.tgz",
      "integrity": "sha512-VOQOexSilscN24VEY810G/PqtpFvx/z6UqDIjIWbDe2368HhDLkYN5TYwaEz/+eRCUkhJ2WaNLLmQAlxzfWj4w==",
      "requires": {
        "core-js-pure": "^3.30.2",
        "regenerator-runtime": "^0.14.0"
      }
    },
    "adm-zip": {
      "version": "0.5.12",
      "resolved": "https://registry.npmjs.org/adm-zip/-/adm-zip-0.5.12.tgz",
      "integrity": "sha512-6TVU49mK6KZb4qG6xWaaM4C7sA/sgUMLy/JYMOzkcp3BvVLpW0fXDFQiIzAuxFCt/2+xD7fNIiPFAoLZPhVNLQ=="
    },
    "core-js-pure": {
      "version": "3.37.0",
      "resolved": "https://registry.npmjs.org/core-js-pure/-/core-js-pure-3.37.0.tgz",
      "integrity": "sha512-d3BrpyFr5eD4KcbRvQ3FTUx/KWmaDesr7+a3+1+P46IUnNoEt+oiLijPINZMEon7w9oGkIINWxrBAU9DEciwFQ=="
    },
    "dcmjs": {
      "version": "0.31.1",
      "resolved": "https://registry.npmjs.org/dcmjs/-/dcmjs-0.31.1.tgz",
      "integrity": "sha512-zvFlBb/5qbYsgmiUvb61Zh/7AQkAMJyYRApRqIEJkWXZ09UO4WDYYjC/DjiLupF53GOKDO+g09ZK88qyjkmVkA==",
      "requires": {
        "@babel/runtime-corejs3": "^7.22.5",
        "adm-zip": "^0.5.10",
        "gl-matrix": "^3.1.0",
        "lodash.clonedeep": "^4.5.0",
        "loglevelnext": "^3.0.1",
        "ndarray": "^1.0.19",
        "pako": "^2.0.4"
      }
    },
    "gl-matrix": {
      "version": "3.4.3",
      "resolved": "https://registry.npmjs.org/gl-matrix/-/gl-matrix-3.4.3.tgz",
      "integrity": "sha512-wcCp8vu8FT22BnvKVPjXa/ICBWRq/zjFfdofZy1WSpQZpphblv12/bOQLBC1rMM7SGOFS9ltVmKOHil5+Ml7gA=="
    },
    "iota-array": {
      "version": "1.0.0",
      "resolved": "https://registry.npmjs.org/iota-array/-/iota-array-1.0.0.tgz",
      "integrity": "sha512-pZ2xT+LOHckCatGQ3DcG/a+QuEqvoxqkiL7tvE8nn3uuu+f6i1TtpB5/FtWFbxUuVr5PZCx8KskuGatbJDXOWA=="
    },
    "is-buffer": {
      "version": "1.1.6",
      "resolved": "https://registry.npmjs.org/is-buffer/-/is-buffer-1.1.6.tgz",
      "integrity": "sha512-NcdALwpXkTm5Zvvbk7owOUSvVvBKDgKP5/ewfXEznmQFfs4ZRmanOeKBTjRVjka3QFoN6XJ+9F3USqfHqTaU5w=="
    },
    "lodash.clonedeep": {
      "version": "4.5.0",
      "resolved": "https://registry.npmjs.org/lodash.clonedeep/-/lodash.clonedeep-4.5.0.tgz",
      "integrity": "sha512-H5ZhCF25riFd9uB5UCkVKo61m3S/xZk1x4wA6yp/L3RFP6Z/eHH1ymQcGLo7J3GMPfm0V/7m1tryHuGVxpqEBQ=="
    },
    "loglevelnext": {
      "version": "3.0.1",
      "resolved": "https://registry.npmjs.org/loglevelnext/-/loglevelnext-3.0.1.tgz",
      "integrity": "sha512-JpjaJhIN1reaSb26SIxDGtE0uc67gPl19OMVHrr+Ggt6b/Vy60jmCtKgQBrygAH0bhRA2nkxgDvM+8QvR8r0YA=="
    },
    "ndarray": {
      "version": "1.0.19",
      "resolved": "https://registry.npmjs.org/ndarray/-/ndarray-1.0.19.tgz",
      "integrity": "sha512-B4JHA4vdyZU30ELBw3g7/p9bZupyew5a7tX1Y/gGeF2hafrPaQZhgrGQfsvgfYbgdFZjYwuEcnaobeM/WMW+HQ==",
      "requires": {
        "iota-array": "^1.0.0",
        "is-buffer": "^1.0.2"
      }
    },
    "pako": {
      "version": "2.1.0",
      "resolved": "https://registry.npmjs.org/pako/-/pako-2.1.0.tgz",
      "integrity": "sha512-w+eufiZ1WuJYgPXbV/PO3NCMEc3xqylkKHzp8bxp1uW4qaSNQUkwmLLEc3kKsfz8lpV1F8Ht3U1Cm+9Srog2ug=="
    },
    "regenerator-runtime": {
      "version": "0.14.1",
      "resolved": "https://registry.npmjs.org/regenerator-runtime/-/regenerator-runtime-0.14.1.tgz",
      "integrity": "sha512-dYnhHh0nJoMfnkZs6GmmhFknAGRrLznOu5nc9ML+EJxGvrx6H7teuevqVqCuPcPK//3eDrrjQhehXVx9cnkGdw=="
    }
  }
}
